# This file is automatically @generated by Cargo.
# It is not intended for manual editing.
[[package]]
name = "proofs"
version = "0.2.1"
dependencies = [
 "protobuf 2.8.0 (registry+https://github.com/rust-lang/crates.io-index)",
]

[[package]]
name = "protobuf"
version = "2.8.0"
source = "registry+https://github.com/rust-lang/crates.io-index"

[metadata]
"checksum protobuf 2.8.0 (registry+https://github.com/rust-lang/crates.io-index)" = "8aefcec9f142b524d98fc81d07827743be89dd6586a1ba6ab21fa66a500b3fa5"
