github.com/cosmos/gogoproto v1.4.3 h1:RP3yyVREh9snv/lsOvmsAPQt8f44LgL281X0IOIhhcI=
github.com/cosmos/gogoproto v1.4.3/go.mod h1:0hLIG5TR7IvV1fme1HCFKjfzW9X2x0Mo+RooWXCnOWU=
golang.org/x/crypto v0.2.0 h1:BRXPfhNivWL5Yq0BGQ39a2sW6t44aODpfxkWjYdzewE=
golang.org/x/crypto v0.2.0/go.mod h1:hebNnKkNXi2UzZN1eVRvBB7co0a+JxK6XbPiWVs/3J4=
