github.com/cosmos/gogoproto v1.4.3 h1:RP3yyVREh9snv/lsOvmsAPQt8f44LgL281X0IOIhhcI=
github.com/cosmos/gogoproto v1.4.3/go.mod h1:0hLIG5TR7IvV1fme1HCFKjfzW9X2x0Mo+RooWXCnOWU=
golang.org/x/crypto v0.12.0 h1:tFM/ta59kqch6LlvYnPa0yx5a83cL2nHflFhYKvv9Yk=
golang.org/x/crypto v0.12.0/go.mod h1:NF0Gs7EO5K4qLn+Ylc+fih8BSTeIjAP05siRnAh98yw=
